
Microsoft Visual Studio Solution File, Format Version 12.00
# Visual Studio Version 17
VisualStudioVersion = 17.8.34408.163
MinimumVisualStudioVersion = 10.0.40219.1
Project("{888888A0-9F3D-457C-B088-3A5042F75D52}") = "22134012_VoHongQuan_Project10", "22134012_VoHongQuan_Project10.pyproj", "{751AC0C6-3B13-48DD-BFC9-32CFC8EC7444}"
EndProject
Global
	GlobalSection(SolutionConfigurationPlatforms) = preSolution
		Debug|Any CPU = Debug|Any CPU
		Release|Any CPU = Release|Any CPU
	EndGlobalSection
	GlobalSection(ProjectConfigurationPlatforms) = postSolution
		{751AC0C6-3B13-48DD-BFC9-32CFC8EC7444}.Debug|Any CPU.ActiveCfg = Debug|Any CPU
		{751AC0C6-3B13-48DD-BFC9-32CFC8EC7444}.Release|Any CPU.ActiveCfg = Release|Any CPU
	EndGlobalSection
	GlobalSection(SolutionProperties) = preSolution
		HideSolutionNode = FALSE
	EndGlobalSection
	GlobalSection(ExtensibilityGlobals) = postSolution
		SolutionGuid = {6019A889-2218-4A92-9C2D-530CA51044AD}
	EndGlobalSection
EndGlobal
