
Microsoft Visual Studio Solution File, Format Version 12.00
# Visual Studio Version 17
VisualStudioVersion = 17.8.34408.163
MinimumVisualStudioVersion = 10.0.40219.1
Project("{888888A0-9F3D-457C-B088-3A5042F75D52}") = "Camera", "Camera.pyproj", "{498EB234-D02B-4915-AD35-1A857C5F7BC8}"
EndProject
Global
	GlobalSection(SolutionConfigurationPlatforms) = preSolution
		Debug|Any CPU = Debug|Any CPU
		Release|Any CPU = Release|Any CPU
	EndGlobalSection
	GlobalSection(ProjectConfigurationPlatforms) = postSolution
		{498EB234-D02B-4915-AD35-1A857C5F7BC8}.Debug|Any CPU.ActiveCfg = Debug|Any CPU
		{498EB234-D02B-4915-AD35-1A857C5F7BC8}.Release|Any CPU.ActiveCfg = Release|Any CPU
	EndGlobalSection
	GlobalSection(SolutionProperties) = preSolution
		HideSolutionNode = FALSE
	EndGlobalSection
	GlobalSection(ExtensibilityGlobals) = postSolution
		SolutionGuid = {8E52A8D1-C8DB-4E05-BDD2-42D874B671CC}
	EndGlobalSection
EndGlobal
