
Microsoft Visual Studio Solution File, Format Version 12.00
# Visual Studio Version 17
VisualStudioVersion = 17.8.34408.163
MinimumVisualStudioVersion = 10.0.40219.1
Project("{888888A0-9F3D-457C-B088-3A5042F75D52}") = "22134012_VoHongQuan_Project02", "22134012_VoHongQuan_Project02.pyproj", "{6BEE6683-34C2-4584-A26A-3113B5D8AF67}"
EndProject
Global
	GlobalSection(SolutionConfigurationPlatforms) = preSolution
		Debug|Any CPU = Debug|Any CPU
		Release|Any CPU = Release|Any CPU
	EndGlobalSection
	GlobalSection(ProjectConfigurationPlatforms) = postSolution
		{6BEE6683-34C2-4584-A26A-3113B5D8AF67}.Debug|Any CPU.ActiveCfg = Debug|Any CPU
		{6BEE6683-34C2-4584-A26A-3113B5D8AF67}.Release|Any CPU.ActiveCfg = Release|Any CPU
	EndGlobalSection
	GlobalSection(SolutionProperties) = preSolution
		HideSolutionNode = FALSE
	EndGlobalSection
	GlobalSection(ExtensibilityGlobals) = postSolution
		SolutionGuid = {DB3C1E37-8432-48D4-AD43-ADEDEB16F5B0}
	EndGlobalSection
EndGlobal
