
Microsoft Visual Studio Solution File, Format Version 12.00
# Visual Studio Version 17
VisualStudioVersion = 17.8.34408.163
MinimumVisualStudioVersion = 10.0.40219.1
Project("{888888A0-9F3D-457C-B088-3A5042F75D52}") = "22134012_VoHongQuan_Project06", "22134012_VoHongQuan_Project06.pyproj", "{08F9C111-997B-4167-BC31-DF17B2EE4521}"
EndProject
Global
	GlobalSection(SolutionConfigurationPlatforms) = preSolution
		Debug|Any CPU = Debug|Any CPU
		Release|Any CPU = Release|Any CPU
	EndGlobalSection
	GlobalSection(ProjectConfigurationPlatforms) = postSolution
		{08F9C111-997B-4167-BC31-DF17B2EE4521}.Debug|Any CPU.ActiveCfg = Debug|Any CPU
		{08F9C111-997B-4167-BC31-DF17B2EE4521}.Release|Any CPU.ActiveCfg = Release|Any CPU
	EndGlobalSection
	GlobalSection(SolutionProperties) = preSolution
		HideSolutionNode = FALSE
	EndGlobalSection
	GlobalSection(ExtensibilityGlobals) = postSolution
		SolutionGuid = {C01674F1-82F2-426E-BE93-31FB2FE1B08E}
	EndGlobalSection
EndGlobal
